
Microsoft Visual Studio Solution File, Format Version 12.00
# Visual Studio Version 17
VisualStudioVersion = 17.5.002.0
MinimumVisualStudioVersion = 10.0.40219.1
Project("{9A19103F-16F7-4668-BE54-9A1E7A4F7556}") = "api", "api\api.csproj", "{DE77709D-7D56-428D-BF9B-810BA46F27B3}"
EndProject
Global
	GlobalSection(SolutionConfigurationPlatforms) = preSolution
		Debug|Any CPU = Debug|Any CPU
		Release|Any CPU = Release|Any CPU
	EndGlobalSection
	GlobalSection(ProjectConfigurationPlatforms) = postSolution
		{DE77709D-7D56-428D-BF9B-810BA46F27B3}.Debug|Any CPU.ActiveCfg = Debug|Any CPU
		{DE77709D-7D56-428D-BF9B-810BA46F27B3}.Debug|Any CPU.Build.0 = Debug|Any CPU
		{DE77709D-7D56-428D-BF9B-810BA46F27B3}.Release|Any CPU.ActiveCfg = Release|Any CPU
		{DE77709D-7D56-428D-BF9B-810BA46F27B3}.Release|Any CPU.Build.0 = Release|Any CPU
	EndGlobalSection
	GlobalSection(SolutionProperties) = preSolution
		HideSolutionNode = FALSE
	EndGlobalSection
	GlobalSection(ExtensibilityGlobals) = postSolution
		SolutionGuid = {EA07316F-6F41-44F4-9B58-51BEA5EA0CB6}
	EndGlobalSection
EndGlobal
